github.com/disintegration/imaging v1.6.2 h1:w1LecBlG2Lnp8B3jk5zSuNqd7b4DXhcjwek1ei82L+c=
github.com/disintegration/imaging v1.6.2/go.mod h1:44/5580QXChDfwIclfc/PCwrr44amcmDAg8hxG0Ewe4=
github.com/go-json-experiment/json v0.0.0-20240815175050-ebd3a8989ca1 h1:xcuWappghOVI8iNWoF2OKahVejd1LSVi/v4JED44Amo=
github.com/go-json-experiment/json v0.0.0-20240815175050-ebd3a8989ca1/go.mod h1:BWmvoE1Xia34f3l/ibJweyhrT+aROb/FQ6d+37F0e2s=
github.com/golang/freetype v0.0.0-20170609003504-e2365dfdc4a0/go.mod h1:E/TSTwGwJL78qG/PmXZO1EjYhfJinVAhrmmHX6Z8B9k=
github.com/google/go-cmp v0.7.0 h1:wk8382ETsv4JYUZwIsn6YpYiWiBsYLSJiTsyBybVuN8=
github.com/google/go-cmp v0.7.0/go.mod h1:pXiqmnSA92OHEEa9HXL2W4E7lf9JzCmGVUdgjX3N/iU=
github.com/muesli/clusters v0.0.0-20180605185049-a07a36e67d36 h1:KMCH+/bbZsAbFgzCXD3aB0DRZXnwAO8NYDmfIfslo+M=
github.com/muesli/clusters v0.0.0-20180605185049-a07a36e67d36/go.mod h1:mw5KDqUj0eLj/6DUNINLVJNoPTFkEuGMHtJsXLviLkY=
github.com/muesli/kmeans v0.3.1 h1:KshLQ8wAETfLWOJKMuDCVYHnafddSa1kwGh/IypGIzY=
github.com/muesli/kmeans v0.3.1/go.mod h1:8/OvJW7cHc1BpRf8URb43m+vR105DDe+Kj1WcFXYDqc=
github.com/wcharczuk/go-chart/v2 v2.1.0/go.mod h1:yx7MvAVNcP/kN9lKXM/NTce4au4DFN99j6i1OwDclNA=
golang.org/x/exp v0.0.0-20240613232115-7f521ea00fb8 h1:yixxcjnhBmY0nkL253HFVIm0JsFHwrHdT3Yh6szTnfY=
golang.org/x/exp v0.0.0-20240613232115-7f521ea00fb8/go.mod h1:jj3sYF3dwk5D+ghuXyeI3r5MFf+NT2An6/9dOA95KSI=
golang.org/x/image v0.0.0-20191009234506-e7c1f5e7dbb8/go.mod h1:FeLwcggjj3mMvU+oOTbSwawSJRM1uh48EjtB4UJZlP0=
golang.org/x/image v0.0.0-20200927104501-e162460cd6b5/go.mod h1:FeLwcggjj3mMvU+oOTbSwawSJRM1uh48EjtB4UJZlP0=
golang.org/x/image v0.43.0 h1:FLxcP4ec2350nTfOC8ysKtqYSIFbk/QGjw1ZHNP4tsY=
golang.org/x/image v0.43.0/go.mod h1:rrpelvGFt+kLPAjPM4HeWPgrl0FtafueU//e5N0qk/Q=
golang.org/x/text v0.3.0/go.mod h1:NqM8EUOU14njkJ3fqMW+pc6Ldnwhi/IjpwHt7yyuwOQ=
honnef.co/go/curve v0.0.0-20260205023122-f94fab6edc34 h1:uA33e3t9DTlGbILJ8Nm7LHo3J/BQEKrBJgQOPOPZV20=
honnef.co/go/curve v0.0.0-20260205023122-f94fab6edc34/go.mod h1:w7kopinT0RfkruW9EGnxOstz1b2LYfnCd/yoyd3UpG8=
honnef.co/go/safeish v0.0.0-20241114181457-67c0a2c357ad h1:6/Sl5Rx44C28ylGrKNEejIzrS2MbtLCdPsp47T6J3kg=
honnef.co/go/safeish v0.0.0-20241114181457-67c0a2c357ad/go.mod h1:6TmSwH8eepkcwN0dPPAkTpxwjEJzgJq5Bv2HD3HHAP8=
honnef.co/go/stuff v0.0.0-20251106172302-97592e64bbb7 h1:gWkkW9sJn7/NKEMhNofCiXoBUwxIol/NeHEqbpL2P1I=
honnef.co/go/stuff v0.0.0-20251106172302-97592e64bbb7/go.mod h1:MHdLVYbTHmiSMY1u/X2Frle8zd1vpWJR87pyK8Oqluw=
